// !$*UTF8*$!
{
	archiveVersion = 1;
	classes = {
	};
	objectVersion = 46;
	objects = {

/* Begin PBXBuildFile section */
		518CC18C1F444CA500A034E5 /* testApp.cpp in Sources */ = {isa = PBXBuildFile; fileRef = 518CC18A1F444CA500A034E5 /* testApp.cpp */; };
		518CC1BB1F445B5A00A034E5 /* libnimCodecs.dylib in Frameworks */ = {isa = PBXBuildFile; fileRef = 518CC1AD1F445B5A00A034E5 /* libnimCodecs.dylib */; };
		518CC1BC1F445B5A00A034E5 /* libnimMockNodes.dylib in Frameworks */ = {isa = PBXBuildFile; fileRef = 518CC1AE1F445B5A00A034E5 /* libnimMockNodes.dylib */; };
		518CC1BD1F445B5A00A034E5 /* libnimRecorder.dylib in Frameworks */ = {isa = PBXBuildFile; fileRef = 518CC1AF1F445B5A00A034E5 /* libnimRecorder.dylib */; };
		518CC1BE1F445B5A00A034E5 /* libOpenNI.dylib in Frameworks */ = {isa = PBXBuildFile; fileRef = 518CC1B01F445B5A00A034E5 /* libOpenNI.dylib */; };
		518CC1BF1F445B5A00A034E5 /* libusb-1.0.0.dylib in Frameworks */ = {isa = PBXBuildFile; fileRef = 518CC1B11F445B5A00A034E5 /* libusb-1.0.0.dylib */; };
		518CC1C01F445B5A00A034E5 /* libXnCore.dylib in Frameworks */ = {isa = PBXBuildFile; fileRef = 518CC1B21F445B5A00A034E5 /* libXnCore.dylib */; };
		518CC1C11F445B5A00A034E5 /* libXnDDK.dylib in Frameworks */ = {isa = PBXBuildFile; fileRef = 518CC1B31F445B5A00A034E5 /* libXnDDK.dylib */; };
		518CC1C21F445B5A00A034E5 /* libXnDeviceFile.dylib in Frameworks */ = {isa = PBXBuildFile; fileRef = 518CC1B41F445B5A00A034E5 /* libXnDeviceFile.dylib */; };
		518CC1C31F445B5A00A034E5 /* libXnDeviceSensorV2KM.dylib in Frameworks */ = {isa = PBXBuildFile; fileRef = 518CC1B51F445B5A00A034E5 /* libXnDeviceSensorV2KM.dylib */; };
		518CC1C41F445B5A00A034E5 /* libXnFormats.dylib in Frameworks */ = {isa = PBXBuildFile; fileRef = 518CC1B61F445B5A00A034E5 /* libXnFormats.dylib */; };
		518CC1C51F445B5A00A034E5 /* libXnVCNITE_1_5_2.dylib in Frameworks */ = {isa = PBXBuildFile; fileRef = 518CC1B71F445B5A00A034E5 /* libXnVCNITE_1_5_2.dylib */; };
		518CC1C61F445B5A00A034E5 /* libXnVFeatures_1_5_2.dylib in Frameworks */ = {isa = PBXBuildFile; fileRef = 518CC1B81F445B5A00A034E5 /* libXnVFeatures_1_5_2.dylib */; };
		518CC1C71F445B5A00A034E5 /* libXnVHandGenerator_1_5_2.dylib in Frameworks */ = {isa = PBXBuildFile; fileRef = 518CC1B91F445B5A00A034E5 /* libXnVHandGenerator_1_5_2.dylib */; };
		518CC1C81F445B5A00A034E5 /* libXnVNite_1_5_2.dylib in Frameworks */ = {isa = PBXBuildFile; fileRef = 518CC1BA1F445B5A00A034E5 /* libXnVNite_1_5_2.dylib */; };
		51C301081F445F7D00308A1C /* ofxOpenNI.cpp in Sources */ = {isa = PBXBuildFile; fileRef = 51C301031F445F7D00308A1C /* ofxOpenNI.cpp */; };
		51C301091F445F7D00308A1C /* ofxOpenNITypes.cpp in Sources */ = {isa = PBXBuildFile; fileRef = 51C301051F445F7D00308A1C /* ofxOpenNITypes.cpp */; };
		E4328149138ABC9F0047C5CB /* openFrameworksDebug.a in Frameworks */ = {isa = PBXBuildFile; fileRef = E4328148138ABC890047C5CB /* openFrameworksDebug.a */; };
		E4B69E200A3A1BDC003C02F2 /* main.cpp in Sources */ = {isa = PBXBuildFile; fileRef = E4B69E1D0A3A1BDC003C02F2 /* main.cpp */; };
/* End PBXBuildFile section */

/* Begin PBXContainerItemProxy section */
		E4328147138ABC890047C5CB /* PBXContainerItemProxy */ = {
			isa = PBXContainerItemProxy;
			containerPortal = E4328143138ABC890047C5CB /* openFrameworksLib.xcodeproj */;
			proxyType = 2;
			remoteGlobalIDString = E4B27C1510CBEB8E00536013;
			remoteInfo = openFrameworks;
		};
		E4EEB9AB138B136A00A80321 /* PBXContainerItemProxy */ = {
			isa = PBXContainerItemProxy;
			containerPortal = E4328143138ABC890047C5CB /* openFrameworksLib.xcodeproj */;
			proxyType = 1;
			remoteGlobalIDString = E4B27C1410CBEB8E00536013;
			remoteInfo = openFrameworks;
		};
/* End PBXContainerItemProxy section */

/* Begin PBXCopyFilesBuildPhase section */
		E4C2427710CC5ABF004149E2 /* CopyFiles */ = {
			isa = PBXCopyFilesBuildPhase;
			buildActionMask = 2147483647;
			dstPath = "";
			dstSubfolderSpec = 10;
			files = (
			);
			runOnlyForDeploymentPostprocessing = 0;
		};
/* End PBXCopyFilesBuildPhase section */

/* Begin PBXFileReference section */
		518CC18A1F444CA500A034E5 /* testApp.cpp */ = {isa = PBXFileReference; fileEncoding = 4; lastKnownFileType = sourcecode.cpp.cpp; path = testApp.cpp; sourceTree = "<group>"; };
		518CC18B1F444CA500A034E5 /* testApp.h */ = {isa = PBXFileReference; fileEncoding = 4; lastKnownFileType = sourcecode.c.h; path = testApp.h; sourceTree = "<group>"; };
		518CC1AD1F445B5A00A034E5 /* libnimCodecs.dylib */ = {isa = PBXFileReference; lastKnownFileType = "compiled.mach-o.dylib"; name = libnimCodecs.dylib; path = bin/data/openni/lib/libnimCodecs.dylib; sourceTree = "<group>"; };
		518CC1AE1F445B5A00A034E5 /* libnimMockNodes.dylib */ = {isa = PBXFileReference; lastKnownFileType = "compiled.mach-o.dylib"; name = libnimMockNodes.dylib; path = bin/data/openni/lib/libnimMockNodes.dylib; sourceTree = "<group>"; };
		518CC1AF1F445B5A00A034E5 /* libnimRecorder.dylib */ = {isa = PBXFileReference; lastKnownFileType = "compiled.mach-o.dylib"; name = libnimRecorder.dylib; path = bin/data/openni/lib/libnimRecorder.dylib; sourceTree = "<group>"; };
		518CC1B01F445B5A00A034E5 /* libOpenNI.dylib */ = {isa = PBXFileReference; lastKnownFileType = "compiled.mach-o.dylib"; name = libOpenNI.dylib; path = bin/data/openni/lib/libOpenNI.dylib; sourceTree = "<group>"; };
		518CC1B11F445B5A00A034E5 /* libusb-1.0.0.dylib */ = {isa = PBXFileReference; lastKnownFileType = "compiled.mach-o.dylib"; name = "libusb-1.0.0.dylib"; path = "bin/data/openni/lib/libusb-1.0.0.dylib"; sourceTree = "<group>"; };
		518CC1B21F445B5A00A034E5 /* libXnCore.dylib */ = {isa = PBXFileReference; lastKnownFileType = "compiled.mach-o.dylib"; name = libXnCore.dylib; path = bin/data/openni/lib/libXnCore.dylib; sourceTree = "<group>"; };
		518CC1B31F445B5A00A034E5 /* libXnDDK.dylib */ = {isa = PBXFileReference; lastKnownFileType = "compiled.mach-o.dylib"; name = libXnDDK.dylib; path = bin/data/openni/lib/libXnDDK.dylib; sourceTree = "<group>"; };
		518CC1B41F445B5A00A034E5 /* libXnDeviceFile.dylib */ = {isa = PBXFileReference; lastKnownFileType = "compiled.mach-o.dylib"; name = libXnDeviceFile.dylib; path = bin/data/openni/lib/libXnDeviceFile.dylib; sourceTree = "<group>"; };
		518CC1B51F445B5A00A034E5 /* libXnDeviceSensorV2KM.dylib */ = {isa = PBXFileReference; lastKnownFileType = "compiled.mach-o.dylib"; name = libXnDeviceSensorV2KM.dylib; path = bin/data/openni/lib/libXnDeviceSensorV2KM.dylib; sourceTree = "<group>"; };
		518CC1B61F445B5A00A034E5 /* libXnFormats.dylib */ = {isa = PBXFileReference; lastKnownFileType = "compiled.mach-o.dylib"; name = libXnFormats.dylib; path = bin/data/openni/lib/libXnFormats.dylib; sourceTree = "<group>"; };
		518CC1B71F445B5A00A034E5 /* libXnVCNITE_1_5_2.dylib */ = {isa = PBXFileReference; lastKnownFileType = "compiled.mach-o.dylib"; name = libXnVCNITE_1_5_2.dylib; path = bin/data/openni/lib/libXnVCNITE_1_5_2.dylib; sourceTree = "<group>"; };
		518CC1B81F445B5A00A034E5 /* libXnVFeatures_1_5_2.dylib */ = {isa = PBXFileReference; lastKnownFileType = "compiled.mach-o.dylib"; name = libXnVFeatures_1_5_2.dylib; path = bin/data/openni/lib/libXnVFeatures_1_5_2.dylib; sourceTree = "<group>"; };
		518CC1B91F445B5A00A034E5 /* libXnVHandGenerator_1_5_2.dylib */ = {isa = PBXFileReference; lastKnownFileType = "compiled.mach-o.dylib"; name = libXnVHandGenerator_1_5_2.dylib; path = bin/data/openni/lib/libXnVHandGenerator_1_5_2.dylib; sourceTree = "<group>"; };
		518CC1BA1F445B5A00A034E5 /* libXnVNite_1_5_2.dylib */ = {isa = PBXFileReference; lastKnownFileType = "compiled.mach-o.dylib"; name = libXnVNite_1_5_2.dylib; path = bin/data/openni/lib/libXnVNite_1_5_2.dylib; sourceTree = "<group>"; };
		51C301031F445F7D00308A1C /* ofxOpenNI.cpp */ = {isa = PBXFileReference; lastKnownFileType = sourcecode.cpp.cpp; path = ofxOpenNI.cpp; sourceTree = "<group>"; };
		51C301041F445F7D00308A1C /* ofxOpenNI.h */ = {isa = PBXFileReference; lastKnownFileType = sourcecode.c.h; path = ofxOpenNI.h; sourceTree = "<group>"; };
		51C301051F445F7D00308A1C /* ofxOpenNITypes.cpp */ = {isa = PBXFileReference; lastKnownFileType = sourcecode.cpp.cpp; path = ofxOpenNITypes.cpp; sourceTree = "<group>"; };
		51C301061F445F7D00308A1C /* ofxOpenNITypes.h */ = {isa = PBXFileReference; lastKnownFileType = sourcecode.c.h; path = ofxOpenNITypes.h; sourceTree = "<group>"; };
		51C301071F445F7D00308A1C /* ofxOpenNIUtils.h */ = {isa = PBXFileReference; lastKnownFileType = sourcecode.c.h; path = ofxOpenNIUtils.h; sourceTree = "<group>"; };
		51C3010A1F445F9000308A1C /* include */ = {isa = PBXFileReference; lastKnownFileType = folder; name = include; path = ../include; sourceTree = "<group>"; };
		E4328143138ABC890047C5CB /* openFrameworksLib.xcodeproj */ = {isa = PBXFileReference; lastKnownFileType = "wrapper.pb-project"; name = openFrameworksLib.xcodeproj; path = ../../../libs/openFrameworksCompiled/project/osx/openFrameworksLib.xcodeproj; sourceTree = SOURCE_ROOT; };
		E4B69B5B0A3A1756003C02F2 /* handTracking-MediumDebug.app */ = {isa = PBXFileReference; explicitFileType = wrapper.application; includeInIndex = 0; path = "handTracking-MediumDebug.app"; sourceTree = BUILT_PRODUCTS_DIR; };
		E4B69E1D0A3A1BDC003C02F2 /* main.cpp */ = {isa = PBXFileReference; fileEncoding = 30; lastKnownFileType = sourcecode.cpp.cpp; name = main.cpp; path = src/main.cpp; sourceTree = SOURCE_ROOT; };
		E4B6FCAD0C3E899E008CF71C /* openFrameworks-Info.plist */ = {isa = PBXFileReference; fileEncoding = 30; lastKnownFileType = text.plist.xml; path = "openFrameworks-Info.plist"; sourceTree = "<group>"; };
		E4EB691F138AFCF100A09F29 /* CoreOF.xcconfig */ = {isa = PBXFileReference; fileEncoding = 4; lastKnownFileType = text.xcconfig; name = CoreOF.xcconfig; path = ../../../libs/openFrameworksCompiled/project/osx/CoreOF.xcconfig; sourceTree = SOURCE_ROOT; };
		E4EB6923138AFD0F00A09F29 /* Project.xcconfig */ = {isa = PBXFileReference; fileEncoding = 4; lastKnownFileType = text.xcconfig; path = Project.xcconfig; sourceTree = "<group>"; };
/* End PBXFileReference section */

/* Begin PBXFrameworksBuildPhase section */
		E4B69B590A3A1756003C02F2 /* Frameworks */ = {
			isa = PBXFrameworksBuildPhase;
			buildActionMask = 2147483647;
			files = (
				518CC1C11F445B5A00A034E5 /* libXnDDK.dylib in Frameworks */,
				518CC1BB1F445B5A00A034E5 /* libnimCodecs.dylib in Frameworks */,
				518CC1C21F445B5A00A034E5 /* libXnDeviceFile.dylib in Frameworks */,
				518CC1BC1F445B5A00A034E5 /* libnimMockNodes.dylib in Frameworks */,
				518CC1C51F445B5A00A034E5 /* libXnVCNITE_1_5_2.dylib in Frameworks */,
				518CC1C71F445B5A00A034E5 /* libXnVHandGenerator_1_5_2.dylib in Frameworks */,
				518CC1C31F445B5A00A034E5 /* libXnDeviceSensorV2KM.dylib in Frameworks */,
				518CC1C41F445B5A00A034E5 /* libXnFormats.dylib in Frameworks */,
				518CC1C81F445B5A00A034E5 /* libXnVNite_1_5_2.dylib in Frameworks */,
				E4328149138ABC9F0047C5CB /* openFrameworksDebug.a in Frameworks */,
				518CC1BF1F445B5A00A034E5 /* libusb-1.0.0.dylib in Frameworks */,
				518CC1C01F445B5A00A034E5 /* libXnCore.dylib in Frameworks */,
				518CC1BE1F445B5A00A034E5 /* libOpenNI.dylib in Frameworks */,
				518CC1C61F445B5A00A034E5 /* libXnVFeatures_1_5_2.dylib in Frameworks */,
				518CC1BD1F445B5A00A034E5 /* libnimRecorder.dylib in Frameworks */,
			);
			runOnlyForDeploymentPostprocessing = 0;
		};
/* End PBXFrameworksBuildPhase section */

/* Begin PBXGroup section */
		51C301011F445F7D00308A1C /* ofxOpenNI */ = {
			isa = PBXGroup;
			children = (
				51C3010A1F445F9000308A1C /* include */,
				51C301021F445F7D00308A1C /* src */,
			);
			name = ofxOpenNI;
			sourceTree = "<group>";
		};
		51C301021F445F7D00308A1C /* src */ = {
			isa = PBXGroup;
			children = (
				51C301031F445F7D00308A1C /* ofxOpenNI.cpp */,
				51C301041F445F7D00308A1C /* ofxOpenNI.h */,
				51C301051F445F7D00308A1C /* ofxOpenNITypes.cpp */,
				51C301061F445F7D00308A1C /* ofxOpenNITypes.h */,
				51C301071F445F7D00308A1C /* ofxOpenNIUtils.h */,
			);
			name = src;
			path = ../src;
			sourceTree = "<group>";
		};
		6948EE371B920CB800B5AC1A /* local_addons */ = {
			isa = PBXGroup;
			children = (
			);
			name = local_addons;
			sourceTree = "<group>";
		};
		BB4B014C10F69532006C3DED /* addons */ = {
			isa = PBXGroup;
			children = (
				51C301011F445F7D00308A1C /* ofxOpenNI */,
			);
			name = addons;
			sourceTree = "<group>";
		};
		E4328144138ABC890047C5CB /* Products */ = {
			isa = PBXGroup;
			children = (
				E4328148138ABC890047C5CB /* openFrameworksDebug.a */,
			);
			name = Products;
			sourceTree = "<group>";
		};
		E4B69B4A0A3A1720003C02F2 = {
			isa = PBXGroup;
			children = (
				518CC1AD1F445B5A00A034E5 /* libnimCodecs.dylib */,
				518CC1AE1F445B5A00A034E5 /* libnimMockNodes.dylib */,
				518CC1AF1F445B5A00A034E5 /* libnimRecorder.dylib */,
				518CC1B01F445B5A00A034E5 /* libOpenNI.dylib */,
				518CC1B11F445B5A00A034E5 /* libusb-1.0.0.dylib */,
				518CC1B21F445B5A00A034E5 /* libXnCore.dylib */,
				518CC1B31F445B5A00A034E5 /* libXnDDK.dylib */,
				518CC1B41F445B5A00A034E5 /* libXnDeviceFile.dylib */,
				518CC1B51F445B5A00A034E5 /* libXnDeviceSensorV2KM.dylib */,
				518CC1B61F445B5A00A034E5 /* libXnFormats.dylib */,
				518CC1B71F445B5A00A034E5 /* libXnVCNITE_1_5_2.dylib */,
				518CC1B81F445B5A00A034E5 /* libXnVFeatures_1_5_2.dylib */,
				518CC1B91F445B5A00A034E5 /* libXnVHandGenerator_1_5_2.dylib */,
				518CC1BA1F445B5A00A034E5 /* libXnVNite_1_5_2.dylib */,
				E4B6FCAD0C3E899E008CF71C /* openFrameworks-Info.plist */,
				E4EB6923138AFD0F00A09F29 /* Project.xcconfig */,
				E4B69E1C0A3A1BDC003C02F2 /* src */,
				E4EEC9E9138DF44700A80321 /* openFrameworks */,
				BB4B014C10F69532006C3DED /* addons */,
				6948EE371B920CB800B5AC1A /* local_addons */,
				E4B69B5B0A3A1756003C02F2 /* handTracking-MediumDebug.app */,
			);
			sourceTree = "<group>";
		};
		E4B69E1C0A3A1BDC003C02F2 /* src */ = {
			isa = PBXGroup;
			children = (
				518CC18A1F444CA500A034E5 /* testApp.cpp */,
				518CC18B1F444CA500A034E5 /* testApp.h */,
				E4B69E1D0A3A1BDC003C02F2 /* main.cpp */,
			);
			path = src;
			sourceTree = SOURCE_ROOT;
		};
		E4EEC9E9138DF44700A80321 /* openFrameworks */ = {
			isa = PBXGroup;
			children = (
				E4EB691F138AFCF100A09F29 /* CoreOF.xcconfig */,
				E4328143138ABC890047C5CB /* openFrameworksLib.xcodeproj */,
			);
			name = openFrameworks;
			sourceTree = "<group>";
		};
/* End PBXGroup section */

/* Begin PBXNativeTarget section */
		E4B69B5A0A3A1756003C02F2 /* handTracking-Medium */ = {
			isa = PBXNativeTarget;
			buildConfigurationList = E4B69B5F0A3A1757003C02F2 /* Build configuration list for PBXNativeTarget "handTracking-Medium" */;
			buildPhases = (
				E4B69B580A3A1756003C02F2 /* Sources */,
				E4B69B590A3A1756003C02F2 /* Frameworks */,
				E4B6FFFD0C3F9AB9008CF71C /* ShellScript */,
				E4C2427710CC5ABF004149E2 /* CopyFiles */,
			);
			buildRules = (
			);
			dependencies = (
				E4EEB9AC138B136A00A80321 /* PBXTargetDependency */,
			);
			name = "handTracking-Medium";
			productName = myOFApp;
			productReference = E4B69B5B0A3A1756003C02F2 /* handTracking-MediumDebug.app */;
			productType = "com.apple.product-type.application";
		};
/* End PBXNativeTarget section */

/* Begin PBXProject section */
		E4B69B4C0A3A1720003C02F2 /* Project object */ = {
			isa = PBXProject;
			attributes = {
				LastUpgradeCheck = 0600;
			};
			buildConfigurationList = E4B69B4D0A3A1720003C02F2 /* Build configuration list for PBXProject "handTracking-Medium" */;
			compatibilityVersion = "Xcode 3.2";
			developmentRegion = English;
			hasScannedForEncodings = 0;
			knownRegions = (
				English,
				Japanese,
				French,
				German,
			);
			mainGroup = E4B69B4A0A3A1720003C02F2;
			productRefGroup = E4B69B4A0A3A1720003C02F2;
			projectDirPath = "";
			projectReferences = (
				{
					ProductGroup = E4328144138ABC890047C5CB /* Products */;
					ProjectRef = E4328143138ABC890047C5CB /* openFrameworksLib.xcodeproj */;
				},
			);
			projectRoot = "";
			targets = (
				E4B69B5A0A3A1756003C02F2 /* handTracking-Medium */,
			);
		};
/* End PBXProject section */

/* Begin PBXReferenceProxy section */
		E4328148138ABC890047C5CB /* openFrameworksDebug.a */ = {
			isa = PBXReferenceProxy;
			fileType = archive.ar;
			path = openFrameworksDebug.a;
			remoteRef = E4328147138ABC890047C5CB /* PBXContainerItemProxy */;
			sourceTree = BUILT_PRODUCTS_DIR;
		};
/* End PBXReferenceProxy section */

/* Begin PBXShellScriptBuildPhase section */
		E4B6FFFD0C3F9AB9008CF71C /* ShellScript */ = {
			isa = PBXShellScriptBuildPhase;
			buildActionMask = 2147483647;
			files = (
			);
			inputPaths = (
			);
			outputPaths = (
			);
			runOnlyForDeploymentPostprocessing = 0;
			shellPath = /bin/sh;
			shellScript = "mkdir -p \"$TARGET_BUILD_DIR/$PRODUCT_NAME.app/Contents/Resources/\"\n# Copy default icon file into App/Resources\nrsync -aved \"$ICON_FILE\" \"$TARGET_BUILD_DIR/$PRODUCT_NAME.app/Contents/Resources/\"\n# Copy libfmod and change install directory for fmod to run\nrsync -aved ../../../libs/fmodex/lib/osx/libfmodex.dylib \"$TARGET_BUILD_DIR/$PRODUCT_NAME.app/Contents/Frameworks/\";\ninstall_name_tool -change @executable_path/libfmodex.dylib @executable_path/../Frameworks/libfmodex.dylib \"$TARGET_BUILD_DIR/$PRODUCT_NAME.app/Contents/MacOS/$PRODUCT_NAME\";\n# Copy GLUT framework (must remove for AppStore submissions)\nrsync -aved ../../../libs/glut/lib/osx/GLUT.framework \"$TARGET_BUILD_DIR/$PRODUCT_NAME.app/Contents/Frameworks/\"\n";
		};
/* End PBXShellScriptBuildPhase section */

/* Begin PBXSourcesBuildPhase section */
		E4B69B580A3A1756003C02F2 /* Sources */ = {
			isa = PBXSourcesBuildPhase;
			buildActionMask = 2147483647;
			files = (
				51C301081F445F7D00308A1C /* ofxOpenNI.cpp in Sources */,
				E4B69E200A3A1BDC003C02F2 /* main.cpp in Sources */,
				51C301091F445F7D00308A1C /* ofxOpenNITypes.cpp in Sources */,
				518CC18C1F444CA500A034E5 /* testApp.cpp in Sources */,
			);
			runOnlyForDeploymentPostprocessing = 0;
		};
/* End PBXSourcesBuildPhase section */

/* Begin PBXTargetDependency section */
		E4EEB9AC138B136A00A80321 /* PBXTargetDependency */ = {
			isa = PBXTargetDependency;
			name = openFrameworks;
			targetProxy = E4EEB9AB138B136A00A80321 /* PBXContainerItemProxy */;
		};
/* End PBXTargetDependency section */

/* Begin XCBuildConfiguration section */
		E4B69B4E0A3A1720003C02F2 /* Debug */ = {
			isa = XCBuildConfiguration;
			baseConfigurationReference = E4EB6923138AFD0F00A09F29 /* Project.xcconfig */;
			buildSettings = {
				CONFIGURATION_BUILD_DIR = "$(SRCROOT)/bin/";
				COPY_PHASE_STRIP = NO;
				DEAD_CODE_STRIPPING = YES;
				GCC_AUTO_VECTORIZATION = YES;
				GCC_ENABLE_SSE3_EXTENSIONS = YES;
				GCC_ENABLE_SUPPLEMENTAL_SSE3_INSTRUCTIONS = YES;
				GCC_INLINES_ARE_PRIVATE_EXTERN = NO;
				GCC_OPTIMIZATION_LEVEL = 0;
				GCC_SYMBOLS_PRIVATE_EXTERN = NO;
				GCC_WARN_ABOUT_DEPRECATED_FUNCTIONS = YES;
				GCC_WARN_ABOUT_INVALID_OFFSETOF_MACRO = NO;
				GCC_WARN_ALLOW_INCOMPLETE_PROTOCOL = NO;
				GCC_WARN_UNINITIALIZED_AUTOS = NO;
				GCC_WARN_UNUSED_VALUE = NO;
				GCC_WARN_UNUSED_VARIABLE = NO;
				HEADER_SEARCH_PATHS = (
					"$(OF_CORE_HEADERS)",
					../../../addons/ofxOpenNI/src,
				);
				MACOSX_DEPLOYMENT_TARGET = 10.8;
				ONLY_ACTIVE_ARCH = YES;
				OTHER_CPLUSPLUSFLAGS = (
					"-D__MACOSX_CORE__",
					"-mtune=native",
				);
				SDKROOT = macosx;
			};
			name = Debug;
		};
		E4B69B4F0A3A1720003C02F2 /* Release */ = {
			isa = XCBuildConfiguration;
			baseConfigurationReference = E4EB6923138AFD0F00A09F29 /* Project.xcconfig */;
			buildSettings = {
				CONFIGURATION_BUILD_DIR = "$(SRCROOT)/bin/";
				COPY_PHASE_STRIP = YES;
				DEAD_CODE_STRIPPING = YES;
				GCC_AUTO_VECTORIZATION = YES;
				GCC_ENABLE_SSE3_EXTENSIONS = YES;
				GCC_ENABLE_SUPPLEMENTAL_SSE3_INSTRUCTIONS = YES;
				GCC_INLINES_ARE_PRIVATE_EXTERN = NO;
				GCC_OPTIMIZATION_LEVEL = 3;
				GCC_SYMBOLS_PRIVATE_EXTERN = NO;
				GCC_UNROLL_LOOPS = YES;
				GCC_WARN_ABOUT_DEPRECATED_FUNCTIONS = YES;
				GCC_WARN_ABOUT_INVALID_OFFSETOF_MACRO = NO;
				GCC_WARN_ALLOW_INCOMPLETE_PROTOCOL = NO;
				GCC_WARN_UNINITIALIZED_AUTOS = NO;
				GCC_WARN_UNUSED_VALUE = NO;
				GCC_WARN_UNUSED_VARIABLE = NO;
				HEADER_SEARCH_PATHS = (
					"$(OF_CORE_HEADERS)",
					../../../addons/ofxOpenNI/src,
				);
				MACOSX_DEPLOYMENT_TARGET = 10.8;
				OTHER_CPLUSPLUSFLAGS = (
					"-D__MACOSX_CORE__",
					"-mtune=native",
				);
				SDKROOT = macosx;
			};
			name = Release;
		};
		E4B69B600A3A1757003C02F2 /* Debug */ = {
			isa = XCBuildConfiguration;
			baseConfigurationReference = E4EB6923138AFD0F00A09F29 /* Project.xcconfig */;
			buildSettings = {
				COMBINE_HIDPI_IMAGES = YES;
				COPY_PHASE_STRIP = NO;
				FRAMEWORK_SEARCH_PATHS = (
					"$(inherited)",
					"$(FRAMEWORK_SEARCH_PATHS_QUOTED_FOR_TARGET_1)",
				);
				FRAMEWORK_SEARCH_PATHS_QUOTED_FOR_TARGET_1 = "\"$(SRCROOT)/../../../libs/glut/lib/osx\"";
				GCC_DYNAMIC_NO_PIC = NO;
				GCC_GENERATE_DEBUGGING_SYMBOLS = YES;
				GCC_MODEL_TUNING = NONE;
				HEADER_SEARCH_PATHS = (
					"$(OF_CORE_HEADERS)",
					../../../addons/ofxOpenNI/src,
					../../../addons/ofxOpenNI/include/libusb,
					../../../addons/ofxOpenNI/include/openni,
					../../../addons/ofxOpenNI/include/nite,
				);
				ICON = "$(ICON_NAME_DEBUG)";
				ICON_FILE = "$(ICON_FILE_PATH)$(ICON)";
				INFOPLIST_FILE = "openFrameworks-Info.plist";
				INSTALL_PATH = /Applications;
				LIBRARY_SEARCH_PATHS = (
					"$(inherited)",
					"\"$(SRCROOT)/bin/data/openni/lib\"",
				);
				PRODUCT_NAME = "$(TARGET_NAME)Debug";
				USER_HEADER_SEARCH_PATHS = "";
				WRAPPER_EXTENSION = app;
			};
			name = Debug;
		};
		E4B69B610A3A1757003C02F2 /* Release */ = {
			isa = XCBuildConfiguration;
			baseConfigurationReference = E4EB6923138AFD0F00A09F29 /* Project.xcconfig */;
			buildSettings = {
				COMBINE_HIDPI_IMAGES = YES;
				COPY_PHASE_STRIP = YES;
				FRAMEWORK_SEARCH_PATHS = (
					"$(inherited)",
					"$(FRAMEWORK_SEARCH_PATHS_QUOTED_FOR_TARGET_1)",
				);
				FRAMEWORK_SEARCH_PATHS_QUOTED_FOR_TARGET_1 = "\"$(SRCROOT)/../../../libs/glut/lib/osx\"";
				GCC_GENERATE_DEBUGGING_SYMBOLS = YES;
				GCC_MODEL_TUNING = NONE;
				HEADER_SEARCH_PATHS = (
					"$(OF_CORE_HEADERS)",
					../../../addons/ofxOpenNI/src,
					../../../addons/ofxOpenNI/include/libusb,
					../../../addons/ofxOpenNI/include/openni,
					../../../addons/ofxOpenNI/include/nite,
				);
				ICON = "$(ICON_NAME_RELEASE)";
				ICON_FILE = "$(ICON_FILE_PATH)$(ICON)";
				INFOPLIST_FILE = "openFrameworks-Info.plist";
				INSTALL_PATH = /Applications;
				LIBRARY_SEARCH_PATHS = (
					"$(inherited)",
					"\"$(SRCROOT)/bin/data/openni/lib\"",
				);
				PRODUCT_NAME = "$(TARGET_NAME)";
				USER_HEADER_SEARCH_PATHS = "";
				WRAPPER_EXTENSION = app;
				baseConfigurationReference = E4EB6923138AFD0F00A09F29;
			};
			name = Release;
		};
/* End XCBuildConfiguration section */

/* Begin XCConfigurationList section */
		E4B69B4D0A3A1720003C02F2 /* Build configuration list for PBXProject "handTracking-Medium" */ = {
			isa = XCConfigurationList;
			buildConfigurations = (
				E4B69B4E0A3A1720003C02F2 /* Debug */,
				E4B69B4F0A3A1720003C02F2 /* Release */,
			);
			defaultConfigurationIsVisible = 0;
			defaultConfigurationName = Release;
		};
		E4B69B5F0A3A1757003C02F2 /* Build configuration list for PBXNativeTarget "handTracking-Medium" */ = {
			isa = XCConfigurationList;
			buildConfigurations = (
				E4B69B600A3A1757003C02F2 /* Debug */,
				E4B69B610A3A1757003C02F2 /* Release */,
			);
			defaultConfigurationIsVisible = 0;
			defaultConfigurationName = Release;
		};
/* End XCConfigurationList section */
	};
	rootObject = E4B69B4C0A3A1720003C02F2 /* Project object */;
}
